
Microsoft Visual Studio Solution File, Format Version 12.00
# Visual Studio 15
VisualStudioVersion = 15.0.27703.1
MinimumVisualStudioVersion = 10.0.40219.1
Project("{8BC9CEB8-8B4A-11D0-8D11-00A0C91BC942}") = "OnvifLib", "OnvifLib\OnvifLib.vcxproj", "{DBA18251-1B72-4C60-AF1E-D1E86FC65AB7}"
EndProject
Project("{8BC9CEB8-8B4A-11D0-8D11-00A0C91BC942}") = "Utility", "Utility\Utility.vcxproj", "{323F6299-670B-4347-9B9B-EFF11BEEDF90}"
EndProject
Global
	GlobalSection(SolutionConfigurationPlatforms) = preSolution
		Debug|x64 = Debug|x64
		Debug|x86 = Debug|x86
		Release|x64 = Release|x64
		Release|x86 = Release|x86
	EndGlobalSection
	GlobalSection(ProjectConfigurationPlatforms) = postSolution
		{DBA18251-1B72-4C60-AF1E-D1E86FC65AB7}.Debug|x64.ActiveCfg = Debug|x64
		{DBA18251-1B72-4C60-AF1E-D1E86FC65AB7}.Debug|x64.Build.0 = Debug|x64
		{DBA18251-1B72-4C60-AF1E-D1E86FC65AB7}.Debug|x86.ActiveCfg = Debug|Win32
		{DBA18251-1B72-4C60-AF1E-D1E86FC65AB7}.Debug|x86.Build.0 = Debug|Win32
		{DBA18251-1B72-4C60-AF1E-D1E86FC65AB7}.Release|x64.ActiveCfg = Release|x64
		{DBA18251-1B72-4C60-AF1E-D1E86FC65AB7}.Release|x64.Build.0 = Release|x64
		{DBA18251-1B72-4C60-AF1E-D1E86FC65AB7}.Release|x86.ActiveCfg = Release|Win32
		{DBA18251-1B72-4C60-AF1E-D1E86FC65AB7}.Release|x86.Build.0 = Release|Win32
		{323F6299-670B-4347-9B9B-EFF11BEEDF90}.Debug|x64.ActiveCfg = Debug|x64
		{323F6299-670B-4347-9B9B-EFF11BEEDF90}.Debug|x64.Build.0 = Debug|x64
		{323F6299-670B-4347-9B9B-EFF11BEEDF90}.Debug|x86.ActiveCfg = Debug|Win32
		{323F6299-670B-4347-9B9B-EFF11BEEDF90}.Debug|x86.Build.0 = Debug|Win32
		{323F6299-670B-4347-9B9B-EFF11BEEDF90}.Release|x64.ActiveCfg = Release|x64
		{323F6299-670B-4347-9B9B-EFF11BEEDF90}.Release|x64.Build.0 = Release|x64
		{323F6299-670B-4347-9B9B-EFF11BEEDF90}.Release|x86.ActiveCfg = Release|Win32
		{323F6299-670B-4347-9B9B-EFF11BEEDF90}.Release|x86.Build.0 = Release|Win32
	EndGlobalSection
	GlobalSection(SolutionProperties) = preSolution
		HideSolutionNode = FALSE
	EndGlobalSection
	GlobalSection(ExtensibilityGlobals) = postSolution
		SolutionGuid = {D7016EF9-D6AF-46DE-8BEB-53F1E77C7A31}
	EndGlobalSection
EndGlobal
