<?xml version="1.0" encoding="utf-8"?>
<Project ToolsVersion="4.0" xmlns="http://schemas.microsoft.com/developer/msbuild/2003">
  <ItemGroup>
    <Filter Include="gsoap">
      <UniqueIdentifier>{d5b48738-3e1a-4dd0-b0f1-8bc5e888145b}</UniqueIdentifier>
    </Filter>
    <Filter Include="gsoap\runtime">
      <UniqueIdentifier>{54682061-a25e-453f-bb7d-e4b3d18bcea8}</UniqueIdentifier>
    </Filter>
    <Filter Include="onvifgen">
      <UniqueIdentifier>{3983eb1a-056d-44b4-83ca-4ac7efce38fa}</UniqueIdentifier>
    </Filter>
  </ItemGroup>
  <ItemGroup>
    <ClCompile Include="..\gsoap\gsoap\runtime\dom.cpp">
      <Filter>gsoap\runtime</Filter>
    </ClCompile>
    <ClCompile Include="..\gsoap\gsoap\runtime\duration.c">
      <Filter>gsoap\runtime</Filter>
    </ClCompile>
    <ClCompile Include="..\gsoap\gsoap\runtime\mecevp.c">
      <Filter>gsoap\runtime</Filter>
    </ClCompile>
    <ClCompile Include="..\gsoap\gsoap\runtime\smdevp.c">
      <Filter>gsoap\runtime</Filter>
    </ClCompile>
    <ClCompile Include="..\gsoap\gsoap\runtime\stdsoap2.cpp">
      <Filter>gsoap\runtime</Filter>
    </ClCompile>
    <ClCompile Include="..\gsoap\gsoap\runtime\threads.c">
      <Filter>gsoap\runtime</Filter>
    </ClCompile>
    <ClCompile Include="..\gsoap\gsoap\runtime\wsaapi.c">
      <Filter>gsoap\runtime</Filter>
    </ClCompile>
    <ClCompile Include="..\gsoap\gsoap\runtime\wsseapi.cpp">
      <Filter>gsoap\runtime</Filter>
    </ClCompile>
    <ClCompile Include="..\onvifgen\nsmap.cpp">
      <Filter>onvifgen</Filter>
    </ClCompile>
    <ClCompile Include="..\onvifgen\soapAnalyticsDeviceBindingProxy.cpp">
      <Filter>onvifgen</Filter>
    </ClCompile>
    <ClCompile Include="..\onvifgen\soapC.cpp">
      <Filter>onvifgen</Filter>
    </ClCompile>
    <ClCompile Include="..\onvifgen\soapDeviceBindingProxy.cpp">
      <Filter>onvifgen</Filter>
    </ClCompile>
    <ClCompile Include="..\onvifgen\soapDeviceIOBindingProxy.cpp">
      <Filter>onvifgen</Filter>
    </ClCompile>
    <ClCompile Include="..\onvifgen\soapMedia2BindingProxy.cpp">
      <Filter>onvifgen</Filter>
    </ClCompile>
    <ClCompile Include="..\onvifgen\soapMediaBindingProxy.cpp">
      <Filter>onvifgen</Filter>
    </ClCompile>
    <ClCompile Include="..\onvifgen\soapPullPointSubscriptionBindingProxy.cpp">
      <Filter>onvifgen</Filter>
    </ClCompile>
    <ClCompile Include="..\onvifgen\soapRuleEngineBindingProxy.cpp">
      <Filter>onvifgen</Filter>
    </ClCompile>
    <ClCompile Include="..\gsoap\gsoap\runtime\plugin.c">
      <Filter>gsoap\runtime</Filter>
    </ClCompile>
    <ClCompile Include="..\gsoap\gsoap\runtime\logging.c">
      <Filter>gsoap\runtime</Filter>
    </ClCompile>
  </ItemGroup>
  <ItemGroup>
    <ClInclude Include="..\gsoap\gsoap\runtime\duration.h">
      <Filter>gsoap\runtime</Filter>
    </ClInclude>
    <ClInclude Include="..\gsoap\gsoap\runtime\mecevp.h">
      <Filter>gsoap\runtime</Filter>
    </ClInclude>
    <ClInclude Include="..\gsoap\gsoap\runtime\smdevp.h">
      <Filter>gsoap\runtime</Filter>
    </ClInclude>
    <ClInclude Include="..\gsoap\gsoap\runtime\stdsoap2.h">
      <Filter>gsoap\runtime</Filter>
    </ClInclude>
    <ClInclude Include="..\gsoap\gsoap\runtime\threads.h">
      <Filter>gsoap\runtime</Filter>
    </ClInclude>
    <ClInclude Include="..\gsoap\gsoap\runtime\wsaapi.h">
      <Filter>gsoap\runtime</Filter>
    </ClInclude>
    <ClInclude Include="..\gsoap\gsoap\runtime\wsseapi.h">
      <Filter>gsoap\runtime</Filter>
    </ClInclude>
    <ClInclude Include="..\onvifgen\soapAnalyticsDeviceBindingProxy.h">
      <Filter>onvifgen</Filter>
    </ClInclude>
    <ClInclude Include="..\onvifgen\soapDeviceBindingProxy.h">
      <Filter>onvifgen</Filter>
    </ClInclude>
    <ClInclude Include="..\onvifgen\soapDeviceIOBindingProxy.h">
      <Filter>onvifgen</Filter>
    </ClInclude>
    <ClInclude Include="..\onvifgen\soapH.h">
      <Filter>onvifgen</Filter>
    </ClInclude>
    <ClInclude Include="..\onvifgen\soapMedia2BindingProxy.h">
      <Filter>onvifgen</Filter>
    </ClInclude>
    <ClInclude Include="..\onvifgen\soapMediaBindingProxy.h">
      <Filter>onvifgen</Filter>
    </ClInclude>
    <ClInclude Include="..\onvifgen\soapPullPointSubscriptionBindingProxy.h">
      <Filter>onvifgen</Filter>
    </ClInclude>
    <ClInclude Include="..\onvifgen\soapRuleEngineBindingProxy.h">
      <Filter>onvifgen</Filter>
    </ClInclude>
    <ClInclude Include="..\onvifgen\soapStub.h">
      <Filter>onvifgen</Filter>
    </ClInclude>
    <ClInclude Include="..\gsoap\gsoap\runtime\plugin.h">
      <Filter>gsoap\runtime</Filter>
    </ClInclude>
    <ClInclude Include="..\gsoap\gsoap\runtime\logging.h">
      <Filter>gsoap\runtime</Filter>
    </ClInclude>
  </ItemGroup>
</Project>